
Microsoft Visual Studio Solution File, Format Version 12.00
# Visual Studio 15
VisualStudioVersion = 15.0.28010.2003
MinimumVisualStudioVersion = 10.0.40219.1
Project("{E24C65DC-7377-472B-9ABA-BC803B73C61A}") = "login_registro", "login_registro\", "{1AF828D6-6C47-499D-938E-8EFE5C98C57E}"
	ProjectSection(WebsiteProperties) = preProject
		TargetFrameworkMoniker = ".NETFramework,Version%3Dv4.6.1"
		Debug.AspNetCompiler.VirtualPath = "/localhost_56988"
		Debug.AspNetCompiler.PhysicalPath = "login_registro\"
		Debug.AspNetCompiler.TargetPath = "PrecompiledWeb\localhost_56988\"
		Debug.AspNetCompiler.Updateable = "true"
		Debug.AspNetCompiler.ForceOverwrite = "true"
		Debug.AspNetCompiler.FixedNames = "false"
		Debug.AspNetCompiler.Debug = "True"
		Release.AspNetCompiler.VirtualPath = "/localhost_56988"
		Release.AspNetCompiler.PhysicalPath = "login_registro\"
		Release.AspNetCompiler.TargetPath = "PrecompiledWeb\localhost_56988\"
		Release.AspNetCompiler.Updateable = "true"
		Release.AspNetCompiler.ForceOverwrite = "true"
		Release.AspNetCompiler.FixedNames = "false"
		Release.AspNetCompiler.Debug = "False"
		VWDPort = "56988"
		SlnRelativePath = "login_registro\"
		DefaultWebSiteLanguage = "Visual C#"
	EndProjectSection
EndProject
Global
	GlobalSection(SolutionConfigurationPlatforms) = preSolution
		Debug|Any CPU = Debug|Any CPU
	EndGlobalSection
	GlobalSection(ProjectConfigurationPlatforms) = postSolution
		{1AF828D6-6C47-499D-938E-8EFE5C98C57E}.Debug|Any CPU.ActiveCfg = Debug|Any CPU
		{1AF828D6-6C47-499D-938E-8EFE5C98C57E}.Debug|Any CPU.Build.0 = Debug|Any CPU
	EndGlobalSection
	GlobalSection(SolutionProperties) = preSolution
		HideSolutionNode = FALSE
	EndGlobalSection
	GlobalSection(ExtensibilityGlobals) = postSolution
		SolutionGuid = {BE53CC42-079A-4812-8851-9294601EBED1}
	EndGlobalSection
EndGlobal
